
Microsoft Visual Studio Solution File, Format Version 12.00
# Visual Studio Version 16
VisualStudioVersion = 16.0.31229.75
MinimumVisualStudioVersion = 10.0.40219.1
Project("{FAE04EC0-301F-11D3-BF4B-00C04F79EFBC}") = "Week2.Test", "Week2.Test\Week2.Test.csproj", "{6556D8A7-2ACB-45D5-816A-A03A1BAC0915}"
EndProject
Global
	GlobalSection(SolutionConfigurationPlatforms) = preSolution
		Debug|Any CPU = Debug|Any CPU
		Release|Any CPU = Release|Any CPU
	EndGlobalSection
	GlobalSection(ProjectConfigurationPlatforms) = postSolution
		{6556D8A7-2ACB-45D5-816A-A03A1BAC0915}.Debug|Any CPU.ActiveCfg = Debug|Any CPU
		{6556D8A7-2ACB-45D5-816A-A03A1BAC0915}.Debug|Any CPU.Build.0 = Debug|Any CPU
		{6556D8A7-2ACB-45D5-816A-A03A1BAC0915}.Release|Any CPU.ActiveCfg = Release|Any CPU
		{6556D8A7-2ACB-45D5-816A-A03A1BAC0915}.Release|Any CPU.Build.0 = Release|Any CPU
	EndGlobalSection
	GlobalSection(SolutionProperties) = preSolution
		HideSolutionNode = FALSE
	EndGlobalSection
	GlobalSection(ExtensibilityGlobals) = postSolution
		SolutionGuid = {9D10F224-E34E-415A-8BBD-1ECFA1322244}
	EndGlobalSection
EndGlobal
